// !$*UTF8*$!
{
	archiveVersion = 1;
	classes = {
	};
	objectVersion = 46;
	objects = {

/* Begin PBXBuildFile section */
		118AD220E43F4342BC0AA906 /* libPods.a in Frameworks */ = {isa = PBXBuildFile; fileRef = CE700144250D4F8396347288 /* libPods.a */; };
		75C3BE7A18B923C4006FA6E7 /* MainNavigationViewController.m in Sources */ = {isa = PBXBuildFile; fileRef = 75C3BE7918B923C4006FA6E7 /* MainNavigationViewController.m */; };
		75C3BE7D18B92488006FA6E7 /* MMExampleLeftSideDrawerViewController.m in Sources */ = {isa = PBXBuildFile; fileRef = 75C3BE7C18B92488006FA6E7 /* MMExampleLeftSideDrawerViewController.m */; };
		75C3BE8018B924A7006FA6E7 /* MMExampleSideDrawerViewController.m in Sources */ = {isa = PBXBuildFile; fileRef = 75C3BE7F18B924A7006FA6E7 /* MMExampleSideDrawerViewController.m */; };
		75C3BE8318B924C3006FA6E7 /* MMExampleViewController.m in Sources */ = {isa = PBXBuildFile; fileRef = 75C3BE8218B924C3006FA6E7 /* MMExampleViewController.m */; };
		75C3BE8618B9250D006FA6E7 /* MMExampleCenterTableViewController.m in Sources */ = {isa = PBXBuildFile; fileRef = 75C3BE8518B9250D006FA6E7 /* MMExampleCenterTableViewController.m */; };
		75C3BE8B18B92586006FA6E7 /* MMExampleDrawerVisualStateManager.m in Sources */ = {isa = PBXBuildFile; fileRef = 75C3BE8A18B92586006FA6E7 /* MMExampleDrawerVisualStateManager.m */; };
		75C3BE8E18B925E6006FA6E7 /* MMLogoView.m in Sources */ = {isa = PBXBuildFile; fileRef = 75C3BE8D18B925E6006FA6E7 /* MMLogoView.m */; };
		75C3BE9818B92625006FA6E7 /* MMTableViewCell.m in Sources */ = {isa = PBXBuildFile; fileRef = 75C3BE9118B92625006FA6E7 /* MMTableViewCell.m */; };
		75C3BE9918B92625006FA6E7 /* MMSideDrawerTableViewCell.m in Sources */ = {isa = PBXBuildFile; fileRef = 75C3BE9318B92625006FA6E7 /* MMSideDrawerTableViewCell.m */; };
		75C3BE9A18B92625006FA6E7 /* MMCenterTableViewCell.m in Sources */ = {isa = PBXBuildFile; fileRef = 75C3BE9518B92625006FA6E7 /* MMCenterTableViewCell.m */; };
		75C3BE9B18B92625006FA6E7 /* MMSideDrawerSectionHeaderView.m in Sources */ = {isa = PBXBuildFile; fileRef = 75C3BE9718B92625006FA6E7 /* MMSideDrawerSectionHeaderView.m */; };
		75DDC04318B91D2400CEDCED /* Foundation.framework in Frameworks */ = {isa = PBXBuildFile; fileRef = 75DDC04218B91D2400CEDCED /* Foundation.framework */; };
		75DDC04518B91D2400CEDCED /* CoreGraphics.framework in Frameworks */ = {isa = PBXBuildFile; fileRef = 75DDC04418B91D2400CEDCED /* CoreGraphics.framework */; };
		75DDC04718B91D2400CEDCED /* UIKit.framework in Frameworks */ = {isa = PBXBuildFile; fileRef = 75DDC04618B91D2400CEDCED /* UIKit.framework */; };
		75DDC04D18B91D2400CEDCED /* InfoPlist.strings in Resources */ = {isa = PBXBuildFile; fileRef = 75DDC04B18B91D2400CEDCED /* InfoPlist.strings */; };
		75DDC04F18B91D2400CEDCED /* main.m in Sources */ = {isa = PBXBuildFile; fileRef = 75DDC04E18B91D2400CEDCED /* main.m */; };
		75DDC05318B91D2400CEDCED /* AppDelegate.m in Sources */ = {isa = PBXBuildFile; fileRef = 75DDC05218B91D2400CEDCED /* AppDelegate.m */; };
		75DDC05618B91D2400CEDCED /* Main.storyboard in Resources */ = {isa = PBXBuildFile; fileRef = 75DDC05418B91D2400CEDCED /* Main.storyboard */; };
		75DDC05918B91D2400CEDCED /* ViewController.m in Sources */ = {isa = PBXBuildFile; fileRef = 75DDC05818B91D2400CEDCED /* ViewController.m */; };
		75DDC05B18B91D2400CEDCED /* Images.xcassets in Resources */ = {isa = PBXBuildFile; fileRef = 75DDC05A18B91D2400CEDCED /* Images.xcassets */; };
		75DDC06218B91D2400CEDCED /* XCTest.framework in Frameworks */ = {isa = PBXBuildFile; fileRef = 75DDC06118B91D2400CEDCED /* XCTest.framework */; };
		75DDC06318B91D2400CEDCED /* Foundation.framework in Frameworks */ = {isa = PBXBuildFile; fileRef = 75DDC04218B91D2400CEDCED /* Foundation.framework */; };
		75DDC06418B91D2400CEDCED /* UIKit.framework in Frameworks */ = {isa = PBXBuildFile; fileRef = 75DDC04618B91D2400CEDCED /* UIKit.framework */; };
		75DDC06C18B91D2400CEDCED /* InfoPlist.strings in Resources */ = {isa = PBXBuildFile; fileRef = 75DDC06A18B91D2400CEDCED /* InfoPlist.strings */; };
		75DDC06E18B91D2400CEDCED /* BigCityLabsTests.m in Sources */ = {isa = PBXBuildFile; fileRef = 75DDC06D18B91D2400CEDCED /* BigCityLabsTests.m */; };
/* End PBXBuildFile section */

/* Begin PBXContainerItemProxy section */
		75DDC06518B91D2400CEDCED /* PBXContainerItemProxy */ = {
			isa = PBXContainerItemProxy;
			containerPortal = 75DDC03718B91D2400CEDCED /* Project object */;
			proxyType = 1;
			remoteGlobalIDString = 75DDC03E18B91D2400CEDCED;
			remoteInfo = BigCityLabs;
		};
/* End PBXContainerItemProxy section */

/* Begin PBXFileReference section */
		75C3BE7818B923C4006FA6E7 /* MainNavigationViewController.h */ = {isa = PBXFileReference; fileEncoding = 4; lastKnownFileType = sourcecode.c.h; path = MainNavigationViewController.h; sourceTree = "<group>"; };
		75C3BE7918B923C4006FA6E7 /* MainNavigationViewController.m */ = {isa = PBXFileReference; fileEncoding = 4; lastKnownFileType = sourcecode.c.objc; path = MainNavigationViewController.m; sourceTree = "<group>"; };
		75C3BE7B18B92488006FA6E7 /* MMExampleLeftSideDrawerViewController.h */ = {isa = PBXFileReference; fileEncoding = 4; lastKnownFileType = sourcecode.c.h; path = MMExampleLeftSideDrawerViewController.h; sourceTree = "<group>"; };
		75C3BE7C18B92488006FA6E7 /* MMExampleLeftSideDrawerViewController.m */ = {isa = PBXFileReference; fileEncoding = 4; lastKnownFileType = sourcecode.c.objc; path = MMExampleLeftSideDrawerViewController.m; sourceTree = "<group>"; };
		75C3BE7E18B924A7006FA6E7 /* MMExampleSideDrawerViewController.h */ = {isa = PBXFileReference; fileEncoding = 4; lastKnownFileType = sourcecode.c.h; path = MMExampleSideDrawerViewController.h; sourceTree = "<group>"; };
		75C3BE7F18B924A7006FA6E7 /* MMExampleSideDrawerViewController.m */ = {isa = PBXFileReference; fileEncoding = 4; lastKnownFileType = sourcecode.c.objc; path = MMExampleSideDrawerViewController.m; sourceTree = "<group>"; };
		75C3BE8118B924C3006FA6E7 /* MMExampleViewController.h */ = {isa = PBXFileReference; fileEncoding = 4; lastKnownFileType = sourcecode.c.h; path = MMExampleViewController.h; sourceTree = "<group>"; };
		75C3BE8218B924C3006FA6E7 /* MMExampleViewController.m */ = {isa = PBXFileReference; fileEncoding = 4; lastKnownFileType = sourcecode.c.objc; path = MMExampleViewController.m; sourceTree = "<group>"; };
		75C3BE8418B9250D006FA6E7 /* MMExampleCenterTableViewController.h */ = {isa = PBXFileReference; fileEncoding = 4; lastKnownFileType = sourcecode.c.h; path = MMExampleCenterTableViewController.h; sourceTree = "<group>"; };
		75C3BE8518B9250D006FA6E7 /* MMExampleCenterTableViewController.m */ = {isa = PBXFileReference; fileEncoding = 4; lastKnownFileType = sourcecode.c.objc; path = MMExampleCenterTableViewController.m; sourceTree = "<group>"; };
		75C3BE8918B92586006FA6E7 /* MMExampleDrawerVisualStateManager.h */ = {isa = PBXFileReference; fileEncoding = 4; lastKnownFileType = sourcecode.c.h; path = MMExampleDrawerVisualStateManager.h; sourceTree = "<group>"; };
		75C3BE8A18B92586006FA6E7 /* MMExampleDrawerVisualStateManager.m */ = {isa = PBXFileReference; fileEncoding = 4; lastKnownFileType = sourcecode.c.objc; path = MMExampleDrawerVisualStateManager.m; sourceTree = "<group>"; };
		75C3BE8C18B925E6006FA6E7 /* MMLogoView.h */ = {isa = PBXFileReference; fileEncoding = 4; lastKnownFileType = sourcecode.c.h; path = MMLogoView.h; sourceTree = "<group>"; };
		75C3BE8D18B925E6006FA6E7 /* MMLogoView.m */ = {isa = PBXFileReference; fileEncoding = 4; lastKnownFileType = sourcecode.c.objc; path = MMLogoView.m; sourceTree = "<group>"; };
		75C3BE9018B92625006FA6E7 /* MMTableViewCell.h */ = {isa = PBXFileReference; fileEncoding = 4; lastKnownFileType = sourcecode.c.h; path = MMTableViewCell.h; sourceTree = "<group>"; };
		75C3BE9118B92625006FA6E7 /* MMTableViewCell.m */ = {isa = PBXFileReference; fileEncoding = 4; lastKnownFileType = sourcecode.c.objc; path = MMTableViewCell.m; sourceTree = "<group>"; };
		75C3BE9218B92625006FA6E7 /* MMSideDrawerTableViewCell.h */ = {isa = PBXFileReference; fileEncoding = 4; lastKnownFileType = sourcecode.c.h; path = MMSideDrawerTableViewCell.h; sourceTree = "<group>"; };
		75C3BE9318B92625006FA6E7 /* MMSideDrawerTableViewCell.m */ = {isa = PBXFileReference; fileEncoding = 4; lastKnownFileType = sourcecode.c.objc; path = MMSideDrawerTableViewCell.m; sourceTree = "<group>"; };
		75C3BE9418B92625006FA6E7 /* MMCenterTableViewCell.h */ = {isa = PBXFileReference; fileEncoding = 4; lastKnownFileType = sourcecode.c.h; path = MMCenterTableViewCell.h; sourceTree = "<group>"; };
		75C3BE9518B92625006FA6E7 /* MMCenterTableViewCell.m */ = {isa = PBXFileReference; fileEncoding = 4; lastKnownFileType = sourcecode.c.objc; path = MMCenterTableViewCell.m; sourceTree = "<group>"; };
		75C3BE9618B92625006FA6E7 /* MMSideDrawerSectionHeaderView.h */ = {isa = PBXFileReference; fileEncoding = 4; lastKnownFileType = sourcecode.c.h; path = MMSideDrawerSectionHeaderView.h; sourceTree = "<group>"; };
		75C3BE9718B92625006FA6E7 /* MMSideDrawerSectionHeaderView.m */ = {isa = PBXFileReference; fileEncoding = 4; lastKnownFileType = sourcecode.c.objc; path = MMSideDrawerSectionHeaderView.m; sourceTree = "<group>"; };
		75DDC03F18B91D2400CEDCED /* BigCityLabs.app */ = {isa = PBXFileReference; explicitFileType = wrapper.application; includeInIndex = 0; path = BigCityLabs.app; sourceTree = BUILT_PRODUCTS_DIR; };
		75DDC04218B91D2400CEDCED /* Foundation.framework */ = {isa = PBXFileReference; lastKnownFileType = wrapper.framework; name = Foundation.framework; path = System/Library/Frameworks/Foundation.framework; sourceTree = SDKROOT; };
		75DDC04418B91D2400CEDCED /* CoreGraphics.framework */ = {isa = PBXFileReference; lastKnownFileType = wrapper.framework; name = CoreGraphics.framework; path = System/Library/Frameworks/CoreGraphics.framework; sourceTree = SDKROOT; };
		75DDC04618B91D2400CEDCED /* UIKit.framework */ = {isa = PBXFileReference; lastKnownFileType = wrapper.framework; name = UIKit.framework; path = System/Library/Frameworks/UIKit.framework; sourceTree = SDKROOT; };
		75DDC04A18B91D2400CEDCED /* BigCityLabs-Info.plist */ = {isa = PBXFileReference; lastKnownFileType = text.plist.xml; path = "BigCityLabs-Info.plist"; sourceTree = "<group>"; };
		75DDC04C18B91D2400CEDCED /* en */ = {isa = PBXFileReference; lastKnownFileType = text.plist.strings; name = en; path = en.lproj/InfoPlist.strings; sourceTree = "<group>"; };
		75DDC04E18B91D2400CEDCED /* main.m */ = {isa = PBXFileReference; lastKnownFileType = sourcecode.c.objc; path = main.m; sourceTree = "<group>"; };
		75DDC05018B91D2400CEDCED /* BigCityLabs-Prefix.pch */ = {isa = PBXFileReference; lastKnownFileType = sourcecode.c.h; path = "BigCityLabs-Prefix.pch"; sourceTree = "<group>"; };
		75DDC05118B91D2400CEDCED /* AppDelegate.h */ = {isa = PBXFileReference; lastKnownFileType = sourcecode.c.h; path = AppDelegate.h; sourceTree = "<group>"; };
		75DDC05218B91D2400CEDCED /* AppDelegate.m */ = {isa = PBXFileReference; lastKnownFileType = sourcecode.c.objc; path = AppDelegate.m; sourceTree = "<group>"; };
		75DDC05518B91D2400CEDCED /* Base */ = {isa = PBXFileReference; lastKnownFileType = file.storyboard; name = Base; path = Base.lproj/Main.storyboard; sourceTree = "<group>"; };
		75DDC05718B91D2400CEDCED /* ViewController.h */ = {isa = PBXFileReference; lastKnownFileType = sourcecode.c.h; path = ViewController.h; sourceTree = "<group>"; };
		75DDC05818B91D2400CEDCED /* ViewController.m */ = {isa = PBXFileReference; lastKnownFileType = sourcecode.c.objc; path = ViewController.m; sourceTree = "<group>"; };
		75DDC05A18B91D2400CEDCED /* Images.xcassets */ = {isa = PBXFileReference; lastKnownFileType = folder.assetcatalog; path = Images.xcassets; sourceTree = "<group>"; };
		75DDC06018B91D2400CEDCED /* BigCityLabsTests.xctest */ = {isa = PBXFileReference; explicitFileType = wrapper.cfbundle; includeInIndex = 0; path = BigCityLabsTests.xctest; sourceTree = BUILT_PRODUCTS_DIR; };
		75DDC06118B91D2400CEDCED /* XCTest.framework */ = {isa = PBXFileReference; lastKnownFileType = wrapper.framework; name = XCTest.framework; path = Library/Frameworks/XCTest.framework; sourceTree = DEVELOPER_DIR; };
		75DDC06918B91D2400CEDCED /* BigCityLabsTests-Info.plist */ = {isa = PBXFileReference; lastKnownFileType = text.plist.xml; path = "BigCityLabsTests-Info.plist"; sourceTree = "<group>"; };
		75DDC06B18B91D2400CEDCED /* en */ = {isa = PBXFileReference; lastKnownFileType = text.plist.strings; name = en; path = en.lproj/InfoPlist.strings; sourceTree = "<group>"; };
		75DDC06D18B91D2400CEDCED /* BigCityLabsTests.m */ = {isa = PBXFileReference; lastKnownFileType = sourcecode.c.objc; path = BigCityLabsTests.m; sourceTree = "<group>"; };
		CE700144250D4F8396347288 /* libPods.a */ = {isa = PBXFileReference; explicitFileType = archive.ar; includeInIndex = 0; path = libPods.a; sourceTree = BUILT_PRODUCTS_DIR; };
		ED06ACB982CC4CA080EF0773 /* Pods.xcconfig */ = {isa = PBXFileReference; includeInIndex = 1; lastKnownFileType = text.xcconfig; name = Pods.xcconfig; path = Pods/Pods.xcconfig; sourceTree = "<group>"; };
/* End PBXFileReference section */

/* Begin PBXFrameworksBuildPhase section */
		75DDC03C18B91D2400CEDCED /* Frameworks */ = {
			isa = PBXFrameworksBuildPhase;
			buildActionMask = 2147483647;
			files = (
				75DDC04518B91D2400CEDCED /* CoreGraphics.framework in Frameworks */,
				75DDC04718B91D2400CEDCED /* UIKit.framework in Frameworks */,
				75DDC04318B91D2400CEDCED /* Foundation.framework in Frameworks */,
				118AD220E43F4342BC0AA906 /* libPods.a in Frameworks */,
			);
			runOnlyForDeploymentPostprocessing = 0;
		};
		75DDC05D18B91D2400CEDCED /* Frameworks */ = {
			isa = PBXFrameworksBuildPhase;
			buildActionMask = 2147483647;
			files = (
				75DDC06218B91D2400CEDCED /* XCTest.framework in Frameworks */,
				75DDC06418B91D2400CEDCED /* UIKit.framework in Frameworks */,
				75DDC06318B91D2400CEDCED /* Foundation.framework in Frameworks */,
			);
			runOnlyForDeploymentPostprocessing = 0;
		};
/* End PBXFrameworksBuildPhase section */

/* Begin PBXGroup section */
		75C3BE8718B92562006FA6E7 /* ViewControllers */ = {
			isa = PBXGroup;
			children = (
				75C3BE8418B9250D006FA6E7 /* MMExampleCenterTableViewController.h */,
				75C3BE8518B9250D006FA6E7 /* MMExampleCenterTableViewController.m */,
				75C3BE7E18B924A7006FA6E7 /* MMExampleSideDrawerViewController.h */,
				75C3BE7F18B924A7006FA6E7 /* MMExampleSideDrawerViewController.m */,
				75C3BE7B18B92488006FA6E7 /* MMExampleLeftSideDrawerViewController.h */,
				75C3BE7C18B92488006FA6E7 /* MMExampleLeftSideDrawerViewController.m */,
				75C3BE8118B924C3006FA6E7 /* MMExampleViewController.h */,
				75C3BE8218B924C3006FA6E7 /* MMExampleViewController.m */,
				75C3BE7818B923C4006FA6E7 /* MainNavigationViewController.h */,
				75C3BE7918B923C4006FA6E7 /* MainNavigationViewController.m */,
			);
			name = ViewControllers;
			sourceTree = "<group>";
		};
		75C3BE8818B92575006FA6E7 /* VisualStateManager */ = {
			isa = PBXGroup;
			children = (
				75C3BE8918B92586006FA6E7 /* MMExampleDrawerVisualStateManager.h */,
				75C3BE8A18B92586006FA6E7 /* MMExampleDrawerVisualStateManager.m */,
			);
			name = VisualStateManager;
			sourceTree = "<group>";
		};
		75C3BE8F18B92610006FA6E7 /* TableViewHelpers */ = {
			isa = PBXGroup;
			children = (
				75C3BE9018B92625006FA6E7 /* MMTableViewCell.h */,
				75C3BE9118B92625006FA6E7 /* MMTableViewCell.m */,
				75C3BE9218B92625006FA6E7 /* MMSideDrawerTableViewCell.h */,
				75C3BE9318B92625006FA6E7 /* MMSideDrawerTableViewCell.m */,
				75C3BE9418B92625006FA6E7 /* MMCenterTableViewCell.h */,
				75C3BE9518B92625006FA6E7 /* MMCenterTableViewCell.m */,
				75C3BE9618B92625006FA6E7 /* MMSideDrawerSectionHeaderView.h */,
				75C3BE9718B92625006FA6E7 /* MMSideDrawerSectionHeaderView.m */,
			);
			name = TableViewHelpers;
			sourceTree = "<group>";
		};
		75DDC03618B91D2400CEDCED = {
			isa = PBXGroup;
			children = (
				75DDC04818B91D2400CEDCED /* BigCityLabs */,
				75DDC06718B91D2400CEDCED /* BigCityLabsTests */,
				75DDC04118B91D2400CEDCED /* Frameworks */,
				75DDC04018B91D2400CEDCED /* Products */,
				ED06ACB982CC4CA080EF0773 /* Pods.xcconfig */,
			);
			sourceTree = "<group>";
		};
		75DDC04018B91D2400CEDCED /* Products */ = {
			isa = PBXGroup;
			children = (
				75DDC03F18B91D2400CEDCED /* BigCityLabs.app */,
				75DDC06018B91D2400CEDCED /* BigCityLabsTests.xctest */,
			);
			name = Products;
			sourceTree = "<group>";
		};
		75DDC04118B91D2400CEDCED /* Frameworks */ = {
			isa = PBXGroup;
			children = (
				75DDC04218B91D2400CEDCED /* Foundation.framework */,
				75DDC04418B91D2400CEDCED /* CoreGraphics.framework */,
				75DDC04618B91D2400CEDCED /* UIKit.framework */,
				75DDC06118B91D2400CEDCED /* XCTest.framework */,
				CE700144250D4F8396347288 /* libPods.a */,
			);
			name = Frameworks;
			sourceTree = "<group>";
		};
		75DDC04818B91D2400CEDCED /* BigCityLabs */ = {
			isa = PBXGroup;
			children = (
				75C3BE8F18B92610006FA6E7 /* TableViewHelpers */,
				75C3BE8C18B925E6006FA6E7 /* MMLogoView.h */,
				75C3BE8D18B925E6006FA6E7 /* MMLogoView.m */,
				75C3BE8818B92575006FA6E7 /* VisualStateManager */,
				75C3BE8718B92562006FA6E7 /* ViewControllers */,
				75DDC05118B91D2400CEDCED /* AppDelegate.h */,
				75DDC05218B91D2400CEDCED /* AppDelegate.m */,
				75DDC05418B91D2400CEDCED /* Main.storyboard */,
				75DDC05718B91D2400CEDCED /* ViewController.h */,
				75DDC05818B91D2400CEDCED /* ViewController.m */,
				75DDC05A18B91D2400CEDCED /* Images.xcassets */,
				75DDC04918B91D2400CEDCED /* Supporting Files */,
			);
			path = BigCityLabs;
			sourceTree = "<group>";
		};
		75DDC04918B91D2400CEDCED /* Supporting Files */ = {
			isa = PBXGroup;
			children = (
				75DDC04A18B91D2400CEDCED /* BigCityLabs-Info.plist */,
				75DDC04B18B91D2400CEDCED /* InfoPlist.strings */,
				75DDC04E18B91D2400CEDCED /* main.m */,
				75DDC05018B91D2400CEDCED /* BigCityLabs-Prefix.pch */,
			);
			name = "Supporting Files";
			sourceTree = "<group>";
		};
		75DDC06718B91D2400CEDCED /* BigCityLabsTests */ = {
			isa = PBXGroup;
			children = (
				75DDC06D18B91D2400CEDCED /* BigCityLabsTests.m */,
				75DDC06818B91D2400CEDCED /* Supporting Files */,
			);
			path = BigCityLabsTests;
			sourceTree = "<group>";
		};
		75DDC06818B91D2400CEDCED /* Supporting Files */ = {
			isa = PBXGroup;
			children = (
				75DDC06918B91D2400CEDCED /* BigCityLabsTests-Info.plist */,
				75DDC06A18B91D2400CEDCED /* InfoPlist.strings */,
			);
			name = "Supporting Files";
			sourceTree = "<group>";
		};
/* End PBXGroup section */

/* Begin PBXNativeTarget section */
		75DDC03E18B91D2400CEDCED /* BigCityLabs */ = {
			isa = PBXNativeTarget;
			buildConfigurationList = 75DDC07118B91D2400CEDCED /* Build configuration list for PBXNativeTarget "BigCityLabs" */;
			buildPhases = (
				AEA2EECA6E3B4DC890A74DDF /* Check Pods Manifest.lock */,
				75DDC03B18B91D2400CEDCED /* Sources */,
				75DDC03C18B91D2400CEDCED /* Frameworks */,
				75DDC03D18B91D2400CEDCED /* Resources */,
				29FCE6EAE70A4687869283DB /* Copy Pods Resources */,
			);
			buildRules = (
			);
			dependencies = (
			);
			name = BigCityLabs;
			productName = BigCityLabs;
			productReference = 75DDC03F18B91D2400CEDCED /* BigCityLabs.app */;
			productType = "com.apple.product-type.application";
		};
		75DDC05F18B91D2400CEDCED /* BigCityLabsTests */ = {
			isa = PBXNativeTarget;
			buildConfigurationList = 75DDC07418B91D2400CEDCED /* Build configuration list for PBXNativeTarget "BigCityLabsTests" */;
			buildPhases = (
				75DDC05C18B91D2400CEDCED /* Sources */,
				75DDC05D18B91D2400CEDCED /* Frameworks */,
				75DDC05E18B91D2400CEDCED /* Resources */,
			);
			buildRules = (
			);
			dependencies = (
				75DDC06618B91D2400CEDCED /* PBXTargetDependency */,
			);
			name = BigCityLabsTests;
			productName = BigCityLabsTests;
			productReference = 75DDC06018B91D2400CEDCED /* BigCityLabsTests.xctest */;
			productType = "com.apple.product-type.bundle.unit-test";
		};
/* End PBXNativeTarget section */

/* Begin PBXProject section */
		75DDC03718B91D2400CEDCED /* Project object */ = {
			isa = PBXProject;
			attributes = {
				LastUpgradeCheck = 0500;
				ORGANIZATIONNAME = "Markus Kopf";
				TargetAttributes = {
					75DDC05F18B91D2400CEDCED = {
						TestTargetID = 75DDC03E18B91D2400CEDCED;
					};
				};
			};
			buildConfigurationList = 75DDC03A18B91D2400CEDCED /* Build configuration list for PBXProject "BigCityLabs" */;
			compatibilityVersion = "Xcode 3.2";
			developmentRegion = English;
			hasScannedForEncodings = 0;
			knownRegions = (
				en,
				Base,
			);
			mainGroup = 75DDC03618B91D2400CEDCED;
			productRefGroup = 75DDC04018B91D2400CEDCED /* Products */;
			projectDirPath = "";
			projectRoot = "";
			targets = (
				75DDC03E18B91D2400CEDCED /* BigCityLabs */,
				75DDC05F18B91D2400CEDCED /* BigCityLabsTests */,
			);
		};
/* End PBXProject section */

/* Begin PBXResourcesBuildPhase section */
		75DDC03D18B91D2400CEDCED /* Resources */ = {
			isa = PBXResourcesBuildPhase;
			buildActionMask = 2147483647;
			files = (
				75DDC05B18B91D2400CEDCED /* Images.xcassets in Resources */,
				75DDC04D18B91D2400CEDCED /* InfoPlist.strings in Resources */,
				75DDC05618B91D2400CEDCED /* Main.storyboard in Resources */,
			);
			runOnlyForDeploymentPostprocessing = 0;
		};
		75DDC05E18B91D2400CEDCED /* Resources */ = {
			isa = PBXResourcesBuildPhase;
			buildActionMask = 2147483647;
			files = (
				75DDC06C18B91D2400CEDCED /* InfoPlist.strings in Resources */,
			);
			runOnlyForDeploymentPostprocessing = 0;
		};
/* End PBXResourcesBuildPhase section */

/* Begin PBXShellScriptBuildPhase section */
		29FCE6EAE70A4687869283DB /* Copy Pods Resources */ = {
			isa = PBXShellScriptBuildPhase;
			buildActionMask = 2147483647;
			files = (
			);
			inputPaths = (
			);
			name = "Copy Pods Resources";
			outputPaths = (
			);
			runOnlyForDeploymentPostprocessing = 0;
			shellPath = /bin/sh;
			shellScript = "\"${SRCROOT}/Pods/Pods-resources.sh\"\n";
			showEnvVarsInLog = 0;
		};
		AEA2EECA6E3B4DC890A74DDF /* Check Pods Manifest.lock */ = {
			isa = PBXShellScriptBuildPhase;
			buildActionMask = 2147483647;
			files = (
			);
			inputPaths = (
			);
			name = "Check Pods Manifest.lock";
			outputPaths = (
			);
			runOnlyForDeploymentPostprocessing = 0;
			shellPath = /bin/sh;
			shellScript = "diff \"${PODS_ROOT}/../Podfile.lock\" \"${PODS_ROOT}/Manifest.lock\" > /dev/null\nif [[ $? != 0 ]] ; then\n    cat << EOM\nerror: The sandbox is not in sync with the Podfile.lock. Run 'pod install' or update your CocoaPods installation.\nEOM\n    exit 1\nfi\n";
			showEnvVarsInLog = 0;
		};
/* End PBXShellScriptBuildPhase section */

/* Begin PBXSourcesBuildPhase section */
		75DDC03B18B91D2400CEDCED /* Sources */ = {
			isa = PBXSourcesBuildPhase;
			buildActionMask = 2147483647;
			files = (
				75C3BE8318B924C3006FA6E7 /* MMExampleViewController.m in Sources */,
				75C3BE8B18B92586006FA6E7 /* MMExampleDrawerVisualStateManager.m in Sources */,
				75DDC05918B91D2400CEDCED /* ViewController.m in Sources */,
				75C3BE9A18B92625006FA6E7 /* MMCenterTableViewCell.m in Sources */,
				75C3BE7A18B923C4006FA6E7 /* MainNavigationViewController.m in Sources */,
				75DDC05318B91D2400CEDCED /* AppDelegate.m in Sources */,
				75C3BE9818B92625006FA6E7 /* MMTableViewCell.m in Sources */,
				75C3BE9B18B92625006FA6E7 /* MMSideDrawerSectionHeaderView.m in Sources */,
				75C3BE7D18B92488006FA6E7 /* MMExampleLeftSideDrawerViewController.m in Sources */,
				75C3BE8618B9250D006FA6E7 /* MMExampleCenterTableViewController.m in Sources */,
				75C3BE8E18B925E6006FA6E7 /* MMLogoView.m in Sources */,
				75C3BE9918B92625006FA6E7 /* MMSideDrawerTableViewCell.m in Sources */,
				75DDC04F18B91D2400CEDCED /* main.m in Sources */,
				75C3BE8018B924A7006FA6E7 /* MMExampleSideDrawerViewController.m in Sources */,
			);
			runOnlyForDeploymentPostprocessing = 0;
		};
		75DDC05C18B91D2400CEDCED /* Sources */ = {
			isa = PBXSourcesBuildPhase;
			buildActionMask = 2147483647;
			files = (
				75DDC06E18B91D2400CEDCED /* BigCityLabsTests.m in Sources */,
			);
			runOnlyForDeploymentPostprocessing = 0;
		};
/* End PBXSourcesBuildPhase section */

/* Begin PBXTargetDependency section */
		75DDC06618B91D2400CEDCED /* PBXTargetDependency */ = {
			isa = PBXTargetDependency;
			target = 75DDC03E18B91D2400CEDCED /* BigCityLabs */;
			targetProxy = 75DDC06518B91D2400CEDCED /* PBXContainerItemProxy */;
		};
/* End PBXTargetDependency section */

/* Begin PBXVariantGroup section */
		75DDC04B18B91D2400CEDCED /* InfoPlist.strings */ = {
			isa = PBXVariantGroup;
			children = (
				75DDC04C18B91D2400CEDCED /* en */,
			);
			name = InfoPlist.strings;
			sourceTree = "<group>";
		};
		75DDC05418B91D2400CEDCED /* Main.storyboard */ = {
			isa = PBXVariantGroup;
			children = (
				75DDC05518B91D2400CEDCED /* Base */,
			);
			name = Main.storyboard;
			sourceTree = "<group>";
		};
		75DDC06A18B91D2400CEDCED /* InfoPlist.strings */ = {
			isa = PBXVariantGroup;
			children = (
				75DDC06B18B91D2400CEDCED /* en */,
			);
			name = InfoPlist.strings;
			sourceTree = "<group>";
		};
/* End PBXVariantGroup section */

/* Begin XCBuildConfiguration section */
		75DDC06F18B91D2400CEDCED /* Debug */ = {
			isa = XCBuildConfiguration;
			buildSettings = {
				ALWAYS_SEARCH_USER_PATHS = NO;
				ARCHS = "$(ARCHS_STANDARD_INCLUDING_64_BIT)";
				CLANG_CXX_LANGUAGE_STANDARD = "gnu++0x";
				CLANG_CXX_LIBRARY = "libc++";
				CLANG_ENABLE_MODULES = YES;
				CLANG_ENABLE_OBJC_ARC = YES;
				CLANG_WARN_BOOL_CONVERSION = YES;
				CLANG_WARN_CONSTANT_CONVERSION = YES;
				CLANG_WARN_DIRECT_OBJC_ISA_USAGE = YES_ERROR;
				CLANG_WARN_EMPTY_BODY = YES;
				CLANG_WARN_ENUM_CONVERSION = YES;
				CLANG_WARN_INT_CONVERSION = YES;
				CLANG_WARN_OBJC_ROOT_CLASS = YES_ERROR;
				CLANG_WARN__DUPLICATE_METHOD_MATCH = YES;
				"CODE_SIGN_IDENTITY[sdk=iphoneos*]" = "iPhone Developer";
				COPY_PHASE_STRIP = NO;
				GCC_C_LANGUAGE_STANDARD = gnu99;
				GCC_DYNAMIC_NO_PIC = NO;
				GCC_OPTIMIZATION_LEVEL = 0;
				GCC_PREPROCESSOR_DEFINITIONS = (
					"DEBUG=1",
					"$(inherited)",
				);
				GCC_SYMBOLS_PRIVATE_EXTERN = NO;
				GCC_WARN_64_TO_32_BIT_CONVERSION = YES;
				GCC_WARN_ABOUT_RETURN_TYPE = YES_ERROR;
				GCC_WARN_UNDECLARED_SELECTOR = YES;
				GCC_WARN_UNINITIALIZED_AUTOS = YES;
				GCC_WARN_UNUSED_FUNCTION = YES;
				GCC_WARN_UNUSED_VARIABLE = YES;
				IPHONEOS_DEPLOYMENT_TARGET = 7.0;
				ONLY_ACTIVE_ARCH = YES;
				SDKROOT = iphoneos;
			};
			name = Debug;
		};
		75DDC07018B91D2400CEDCED /* Release */ = {
			isa = XCBuildConfiguration;
			buildSettings = {
				ALWAYS_SEARCH_USER_PATHS = NO;
				ARCHS = "$(ARCHS_STANDARD_INCLUDING_64_BIT)";
				CLANG_CXX_LANGUAGE_STANDARD = "gnu++0x";
				CLANG_CXX_LIBRARY = "libc++";
				CLANG_ENABLE_MODULES = YES;
				CLANG_ENABLE_OBJC_ARC = YES;
				CLANG_WARN_BOOL_CONVERSION = YES;
				CLANG_WARN_CONSTANT_CONVERSION = YES;
				CLANG_WARN_DIRECT_OBJC_ISA_USAGE = YES_ERROR;
				CLANG_WARN_EMPTY_BODY = YES;
				CLANG_WARN_ENUM_CONVERSION = YES;
				CLANG_WARN_INT_CONVERSION = YES;
				CLANG_WARN_OBJC_ROOT_CLASS = YES_ERROR;
				CLANG_WARN__DUPLICATE_METHOD_MATCH = YES;
				"CODE_SIGN_IDENTITY[sdk=iphoneos*]" = "iPhone Developer";
				COPY_PHASE_STRIP = YES;
				ENABLE_NS_ASSERTIONS = NO;
				GCC_C_LANGUAGE_STANDARD = gnu99;
				GCC_WARN_64_TO_32_BIT_CONVERSION = YES;
				GCC_WARN_ABOUT_RETURN_TYPE = YES_ERROR;
				GCC_WARN_UNDECLARED_SELECTOR = YES;
				GCC_WARN_UNINITIALIZED_AUTOS = YES;
				GCC_WARN_UNUSED_FUNCTION = YES;
				GCC_WARN_UNUSED_VARIABLE = YES;
				IPHONEOS_DEPLOYMENT_TARGET = 7.0;
				SDKROOT = iphoneos;
				VALIDATE_PRODUCT = YES;
			};
			name = Release;
		};
		75DDC07218B91D2400CEDCED /* Debug */ = {
			isa = XCBuildConfiguration;
			baseConfigurationReference = ED06ACB982CC4CA080EF0773 /* Pods.xcconfig */;
			buildSettings = {
				ASSETCATALOG_COMPILER_APPICON_NAME = AppIcon;
				ASSETCATALOG_COMPILER_LAUNCHIMAGE_NAME = LaunchImage;
				GCC_PRECOMPILE_PREFIX_HEADER = YES;
				GCC_PREFIX_HEADER = "BigCityLabs/BigCityLabs-Prefix.pch";
				INFOPLIST_FILE = "BigCityLabs/BigCityLabs-Info.plist";
				PRODUCT_NAME = "$(TARGET_NAME)";
				WRAPPER_EXTENSION = app;
			};
			name = Debug;
		};
		75DDC07318B91D2400CEDCED /* Release */ = {
			isa = XCBuildConfiguration;
			baseConfigurationReference = ED06ACB982CC4CA080EF0773 /* Pods.xcconfig */;
			buildSettings = {
				ASSETCATALOG_COMPILER_APPICON_NAME = AppIcon;
				ASSETCATALOG_COMPILER_LAUNCHIMAGE_NAME = LaunchImage;
				GCC_PRECOMPILE_PREFIX_HEADER = YES;
				GCC_PREFIX_HEADER = "BigCityLabs/BigCityLabs-Prefix.pch";
				INFOPLIST_FILE = "BigCityLabs/BigCityLabs-Info.plist";
				PRODUCT_NAME = "$(TARGET_NAME)";
				WRAPPER_EXTENSION = app;
			};
			name = Release;
		};
		75DDC07518B91D2400CEDCED /* Debug */ = {
			isa = XCBuildConfiguration;
			buildSettings = {
				ARCHS = "$(ARCHS_STANDARD_INCLUDING_64_BIT)";
				BUNDLE_LOADER = "$(BUILT_PRODUCTS_DIR)/BigCityLabs.app/BigCityLabs";
				FRAMEWORK_SEARCH_PATHS = (
					"$(SDKROOT)/Developer/Library/Frameworks",
					"$(inherited)",
					"$(DEVELOPER_FRAMEWORKS_DIR)",
				);
				GCC_PRECOMPILE_PREFIX_HEADER = YES;
				GCC_PREFIX_HEADER = "BigCityLabs/BigCityLabs-Prefix.pch";
				GCC_PREPROCESSOR_DEFINITIONS = (
					"DEBUG=1",
					"$(inherited)",
				);
				INFOPLIST_FILE = "BigCityLabsTests/BigCityLabsTests-Info.plist";
				PRODUCT_NAME = "$(TARGET_NAME)";
				TEST_HOST = "$(BUNDLE_LOADER)";
				WRAPPER_EXTENSION = xctest;
			};
			name = Debug;
		};
		75DDC07618B91D2400CEDCED /* Release */ = {
			isa = XCBuildConfiguration;
			buildSettings = {
				ARCHS = "$(ARCHS_STANDARD_INCLUDING_64_BIT)";
				BUNDLE_LOADER = "$(BUILT_PRODUCTS_DIR)/BigCityLabs.app/BigCityLabs";
				FRAMEWORK_SEARCH_PATHS = (
					"$(SDKROOT)/Developer/Library/Frameworks",
					"$(inherited)",
					"$(DEVELOPER_FRAMEWORKS_DIR)",
				);
				GCC_PRECOMPILE_PREFIX_HEADER = YES;
				GCC_PREFIX_HEADER = "BigCityLabs/BigCityLabs-Prefix.pch";
				INFOPLIST_FILE = "BigCityLabsTests/BigCityLabsTests-Info.plist";
				PRODUCT_NAME = "$(TARGET_NAME)";
				TEST_HOST = "$(BUNDLE_LOADER)";
				WRAPPER_EXTENSION = xctest;
			};
			name = Release;
		};
/* End XCBuildConfiguration section */

/* Begin XCConfigurationList section */
		75DDC03A18B91D2400CEDCED /* Build configuration list for PBXProject "BigCityLabs" */ = {
			isa = XCConfigurationList;
			buildConfigurations = (
				75DDC06F18B91D2400CEDCED /* Debug */,
				75DDC07018B91D2400CEDCED /* Release */,
			);
			defaultConfigurationIsVisible = 0;
			defaultConfigurationName = Release;
		};
		75DDC07118B91D2400CEDCED /* Build configuration list for PBXNativeTarget "BigCityLabs" */ = {
			isa = XCConfigurationList;
			buildConfigurations = (
				75DDC07218B91D2400CEDCED /* Debug */,
				75DDC07318B91D2400CEDCED /* Release */,
			);
			defaultConfigurationIsVisible = 0;
			defaultConfigurationName = Release;
		};
		75DDC07418B91D2400CEDCED /* Build configuration list for PBXNativeTarget "BigCityLabsTests" */ = {
			isa = XCConfigurationList;
			buildConfigurations = (
				75DDC07518B91D2400CEDCED /* Debug */,
				75DDC07618B91D2400CEDCED /* Release */,
			);
			defaultConfigurationIsVisible = 0;
			defaultConfigurationName = Release;
		};
/* End XCConfigurationList section */
	};
	rootObject = 75DDC03718B91D2400CEDCED /* Project object */;
}
